Microsoft Visual Studio Solution File, Format Version 12.00
# Visual Studio Express 2012 for Windows Desktop
Project("{8BC9CEB8-8B4A-11D0-8D11-00A0C91BC942}") = "ALL_BUILD", "ALL_BUILD.vcxproj", "{DC708F60-AAB0-4F0F-9440-72B66D56A5F2}"
	ProjectSection(ProjectDependencies) = postProject
		{859F985E-2B42-4B29-A979-9C572CFFC2C2} = {859F985E-2B42-4B29-A979-9C572CFFC2C2}
		{3E28AA32-AB8A-4A31-A27E-BCF5E1D0AE5D} = {3E28AA32-AB8A-4A31-A27E-BCF5E1D0AE5D}
	EndProjectSection
EndProject
Project("{8BC9CEB8-8B4A-11D0-8D11-00A0C91BC942}") = "Planner", "Planner.vcxproj", "{859F985E-2B42-4B29-A979-9C572CFFC2C2}"
	ProjectSection(ProjectDependencies) = postProject
		{3E28AA32-AB8A-4A31-A27E-BCF5E1D0AE5D} = {3E28AA32-AB8A-4A31-A27E-BCF5E1D0AE5D}
	EndProjectSection
EndProject
Project("{8BC9CEB8-8B4A-11D0-8D11-00A0C91BC942}") = "ZERO_CHECK", "ZERO_CHECK.vcxproj", "{3E28AA32-AB8A-4A31-A27E-BCF5E1D0AE5D}"
	ProjectSection(ProjectDependencies) = postProject
	EndProjectSection
EndProject
Global
	GlobalSection(SolutionConfigurationPlatforms) = preSolution
		Debug|Win32 = Debug|Win32
		Release|Win32 = Release|Win32
		MinSizeRel|Win32 = MinSizeRel|Win32
		RelWithDebInfo|Win32 = RelWithDebInfo|Win32
	EndGlobalSection
	GlobalSection(ProjectConfigurationPlatforms) = postSolution
		{DC708F60-AAB0-4F0F-9440-72B66D56A5F2}.Debug|Win32.ActiveCfg = Debug|Win32
		{DC708F60-AAB0-4F0F-9440-72B66D56A5F2}.Release|Win32.ActiveCfg = Release|Win32
		{DC708F60-AAB0-4F0F-9440-72B66D56A5F2}.MinSizeRel|Win32.ActiveCfg = MinSizeRel|Win32
		{DC708F60-AAB0-4F0F-9440-72B66D56A5F2}.RelWithDebInfo|Win32.ActiveCfg = RelWithDebInfo|Win32
		{859F985E-2B42-4B29-A979-9C572CFFC2C2}.Debug|Win32.ActiveCfg = Debug|Win32
		{859F985E-2B42-4B29-A979-9C572CFFC2C2}.Debug|Win32.Build.0 = Debug|Win32
		{859F985E-2B42-4B29-A979-9C572CFFC2C2}.Release|Win32.ActiveCfg = Release|Win32
		{859F985E-2B42-4B29-A979-9C572CFFC2C2}.Release|Win32.Build.0 = Release|Win32
		{859F985E-2B42-4B29-A979-9C572CFFC2C2}.MinSizeRel|Win32.ActiveCfg = MinSizeRel|Win32
		{859F985E-2B42-4B29-A979-9C572CFFC2C2}.MinSizeRel|Win32.Build.0 = MinSizeRel|Win32
		{859F985E-2B42-4B29-A979-9C572CFFC2C2}.RelWithDebInfo|Win32.ActiveCfg = RelWithDebInfo|Win32
		{859F985E-2B42-4B29-A979-9C572CFFC2C2}.RelWithDebInfo|Win32.Build.0 = RelWithDebInfo|Win32
		{3E28AA32-AB8A-4A31-A27E-BCF5E1D0AE5D}.Debug|Win32.ActiveCfg = Debug|Win32
		{3E28AA32-AB8A-4A31-A27E-BCF5E1D0AE5D}.Debug|Win32.Build.0 = Debug|Win32
		{3E28AA32-AB8A-4A31-A27E-BCF5E1D0AE5D}.Release|Win32.ActiveCfg = Release|Win32
		{3E28AA32-AB8A-4A31-A27E-BCF5E1D0AE5D}.Release|Win32.Build.0 = Release|Win32
		{3E28AA32-AB8A-4A31-A27E-BCF5E1D0AE5D}.MinSizeRel|Win32.ActiveCfg = MinSizeRel|Win32
		{3E28AA32-AB8A-4A31-A27E-BCF5E1D0AE5D}.MinSizeRel|Win32.Build.0 = MinSizeRel|Win32
		{3E28AA32-AB8A-4A31-A27E-BCF5E1D0AE5D}.RelWithDebInfo|Win32.ActiveCfg = RelWithDebInfo|Win32
		{3E28AA32-AB8A-4A31-A27E-BCF5E1D0AE5D}.RelWithDebInfo|Win32.Build.0 = RelWithDebInfo|Win32
	EndGlobalSection
	GlobalSection(ExtensibilityGlobals) = postSolution
	EndGlobalSection
	GlobalSection(ExtensibilityAddIns) = postSolution
	EndGlobalSection
EndGlobal
