Microsoft Visual Studio Solution File, Format Version 12.00
# Visual Studio Express 2012 for Windows Desktop
Project("{8BC9CEB8-8B4A-11D0-8D11-00A0C91BC942}") = "ALL_BUILD", "ALL_BUILD.vcxproj", "{4BC27937-8103-4FB2-8FA0-593E6B63AA47}"
	ProjectSection(ProjectDependencies) = postProject
		{F272FD3E-6BAD-4CC8-B320-A825730A5D89} = {F272FD3E-6BAD-4CC8-B320-A825730A5D89}
		{1CBCEF50-187C-4CA0-A05F-F99CBBF64955} = {1CBCEF50-187C-4CA0-A05F-F99CBBF64955}
	EndProjectSection
EndProject
Project("{8BC9CEB8-8B4A-11D0-8D11-00A0C91BC942}") = "Planner", "Planner.vcxproj", "{F272FD3E-6BAD-4CC8-B320-A825730A5D89}"
	ProjectSection(ProjectDependencies) = postProject
		{1CBCEF50-187C-4CA0-A05F-F99CBBF64955} = {1CBCEF50-187C-4CA0-A05F-F99CBBF64955}
	EndProjectSection
EndProject
Project("{8BC9CEB8-8B4A-11D0-8D11-00A0C91BC942}") = "ZERO_CHECK", "ZERO_CHECK.vcxproj", "{1CBCEF50-187C-4CA0-A05F-F99CBBF64955}"
	ProjectSection(ProjectDependencies) = postProject
	EndProjectSection
EndProject
Global
	GlobalSection(SolutionConfigurationPlatforms) = preSolution
		Debug|Win32 = Debug|Win32
		Release|Win32 = Release|Win32
		MinSizeRel|Win32 = MinSizeRel|Win32
		RelWithDebInfo|Win32 = RelWithDebInfo|Win32
	EndGlobalSection
	GlobalSection(ProjectConfigurationPlatforms) = postSolution
		{4BC27937-8103-4FB2-8FA0-593E6B63AA47}.Debug|Win32.ActiveCfg = Debug|Win32
		{4BC27937-8103-4FB2-8FA0-593E6B63AA47}.Release|Win32.ActiveCfg = Release|Win32
		{4BC27937-8103-4FB2-8FA0-593E6B63AA47}.MinSizeRel|Win32.ActiveCfg = MinSizeRel|Win32
		{4BC27937-8103-4FB2-8FA0-593E6B63AA47}.RelWithDebInfo|Win32.ActiveCfg = RelWithDebInfo|Win32
		{F272FD3E-6BAD-4CC8-B320-A825730A5D89}.Debug|Win32.ActiveCfg = Debug|Win32
		{F272FD3E-6BAD-4CC8-B320-A825730A5D89}.Debug|Win32.Build.0 = Debug|Win32
		{F272FD3E-6BAD-4CC8-B320-A825730A5D89}.Release|Win32.ActiveCfg = Release|Win32
		{F272FD3E-6BAD-4CC8-B320-A825730A5D89}.Release|Win32.Build.0 = Release|Win32
		{F272FD3E-6BAD-4CC8-B320-A825730A5D89}.MinSizeRel|Win32.ActiveCfg = MinSizeRel|Win32
		{F272FD3E-6BAD-4CC8-B320-A825730A5D89}.MinSizeRel|Win32.Build.0 = MinSizeRel|Win32
		{F272FD3E-6BAD-4CC8-B320-A825730A5D89}.RelWithDebInfo|Win32.ActiveCfg = RelWithDebInfo|Win32
		{F272FD3E-6BAD-4CC8-B320-A825730A5D89}.RelWithDebInfo|Win32.Build.0 = RelWithDebInfo|Win32
		{1CBCEF50-187C-4CA0-A05F-F99CBBF64955}.Debug|Win32.ActiveCfg = Debug|Win32
		{1CBCEF50-187C-4CA0-A05F-F99CBBF64955}.Debug|Win32.Build.0 = Debug|Win32
		{1CBCEF50-187C-4CA0-A05F-F99CBBF64955}.Release|Win32.ActiveCfg = Release|Win32
		{1CBCEF50-187C-4CA0-A05F-F99CBBF64955}.Release|Win32.Build.0 = Release|Win32
		{1CBCEF50-187C-4CA0-A05F-F99CBBF64955}.MinSizeRel|Win32.ActiveCfg = MinSizeRel|Win32
		{1CBCEF50-187C-4CA0-A05F-F99CBBF64955}.MinSizeRel|Win32.Build.0 = MinSizeRel|Win32
		{1CBCEF50-187C-4CA0-A05F-F99CBBF64955}.RelWithDebInfo|Win32.ActiveCfg = RelWithDebInfo|Win32
		{1CBCEF50-187C-4CA0-A05F-F99CBBF64955}.RelWithDebInfo|Win32.Build.0 = RelWithDebInfo|Win32
	EndGlobalSection
	GlobalSection(ExtensibilityGlobals) = postSolution
	EndGlobalSection
	GlobalSection(ExtensibilityAddIns) = postSolution
	EndGlobalSection
EndGlobal
